
Microsoft Visual Studio Solution File, Format Version 12.00
# Visual Studio Version 17
VisualStudioVersion = 17.7.34018.315
MinimumVisualStudioVersion = 10.0.40219.1
Project("{FAE04EC0-301F-11D3-BF4B-00C04F79EFBC}") = "BTVN_Buoi2", "BTVN_Buoi2.csproj", "{C058249E-8735-4138-A5A2-F70C4EA2DAE3}"
EndProject
Global
	GlobalSection(SolutionConfigurationPlatforms) = preSolution
		Debug|Any CPU = Debug|Any CPU
		Release|Any CPU = Release|Any CPU
	EndGlobalSection
	GlobalSection(ProjectConfigurationPlatforms) = postSolution
		{C058249E-8735-4138-A5A2-F70C4EA2DAE3}.Debug|Any CPU.ActiveCfg = Debug|Any CPU
		{C058249E-8735-4138-A5A2-F70C4EA2DAE3}.Debug|Any CPU.Build.0 = Debug|Any CPU
		{C058249E-8735-4138-A5A2-F70C4EA2DAE3}.Release|Any CPU.ActiveCfg = Release|Any CPU
		{C058249E-8735-4138-A5A2-F70C4EA2DAE3}.Release|Any CPU.Build.0 = Release|Any CPU
	EndGlobalSection
	GlobalSection(SolutionProperties) = preSolution
		HideSolutionNode = FALSE
	EndGlobalSection
	GlobalSection(ExtensibilityGlobals) = postSolution
		SolutionGuid = {E941F9C2-BE09-447E-9B9B-658D6C05C2CE}
	EndGlobalSection
EndGlobal
